schema: '2.0'
stages:
  manifest:
    cmd: python src/data/build_manifest.py
    deps:
    - path: data/raw
      hash: md5
      md5: 10850e4de407fe3bae5619e5c8dccbc6.dir
      size: 207663120
      nfiles: 65175
    - path: src/data/build_manifest.py
      hash: md5
      md5: ad7e3ba9fb28f76a65bb23cc455ed64b
      size: 1457
    outs:
    - path: data/processed/raw_manifest.csv
      hash: md5
      md5: 2333c7527b76f33b4df3eeee4e19d5d7
      size: 10408395
  preprocess:
    cmd: python src/data/make_dataset.py
    deps:
    - path: data/raw
      hash: md5
      md5: 10850e4de407fe3bae5619e5c8dccbc6.dir
      size: 207663120
      nfiles: 65175
    - path: src/data/make_dataset.py
      hash: md5
      md5: 2deb0077ea56d3c67e0388a552805f3f
      size: 13037
    outs:
    - path: data/processed/dataset_clean_v1.csv
      hash: md5
      md5: 3cdb43858306406366c203354ab53318
      size: 72127250
    - path: data/processed/dataset_clean_v1.jsonl
      hash: md5
      md5: bbcfe7791e2da0cfeb03c5b6aff2e41d
      size: 97502945
  split:
    cmd: python src/data/split_dataset.py
    deps:
    - path: data/processed/dataset_clean_v1.csv
      hash: md5
      md5: 03f690e8a3c4f25be844f62d93f5f6f8
      size: 70960151
    - path: src/data/split_dataset.py
      hash: md5
      md5: 523fa451beb6e2165711742a0acecc04
      size: 2926
    outs:
    - path: data/processed/test.csv
      hash: md5
      md5: f6ff9e594c4cdf347aba3dab2534ae17
      size: 12688359
    - path: data/processed/train.csv
      hash: md5
      md5: 22d90b6bf57abd63d6c2f8505b2c3315
      size: 59914253
